
Microsoft Visual Studio Solution File, Format Version 12.00
# Visual Studio 2012
Project("{FAE04EC0-301F-11D3-BF4B-00C04F79EFBC}") = "MvcShop", "MvcShop\MvcShop.csproj", "{DDA70733-5A99-4601-9013-CAB3EF761167}"
EndProject
Project("{2150E333-8FDC-42A3-9474-1A3956D46DE8}") = "01.WEB MVC", "01.WEB MVC", "{3DC2293A-0A09-4A50-BA3C-DED137AAB523}"
EndProject
Project("{2150E333-8FDC-42A3-9474-1A3956D46DE8}") = "02. BL WCF", "02. BL WCF", "{C0C7DC66-6E78-4E18-8290-A2FCF89C0308}"
EndProject
Project("{FAE04EC0-301F-11D3-BF4B-00C04F79EFBC}") = "WcfServiceShop", "WcfServiceShop\WcfServiceShop.csproj", "{E069816D-EE1A-4C25-B131-522E86929126}"
EndProject
Project("{2150E333-8FDC-42A3-9474-1A3956D46DE8}") = "03. INFRAESTRUCTURE", "03. INFRAESTRUCTURE", "{9A417285-9C38-45DB-9C1D-7F06F0ABE1DE}"
EndProject
Project("{FAE04EC0-301F-11D3-BF4B-00C04F79EFBC}") = "Infraestructure", "Infraestructure\Infraestructure.csproj", "{06D1300A-3896-4865-9B8A-00CF8E53F224}"
EndProject
Project("{2150E333-8FDC-42A3-9474-1A3956D46DE8}") = "04. DOMAIN", "04. DOMAIN", "{37456DAC-98BC-4560-9738-AA9ED566B2AB}"
EndProject
Project("{FAE04EC0-301F-11D3-BF4B-00C04F79EFBC}") = "Domain", "Domain\Domain.csproj", "{178DF646-8020-4E0D-AA15-0F746D635E58}"
EndProject
Project("{2150E333-8FDC-42A3-9474-1A3956D46DE8}") = "05. TESTS", "05. TESTS", "{9748FB43-0C9C-4327-B94B-494B16FC59B7}"
EndProject
Project("{FAE04EC0-301F-11D3-BF4B-00C04F79EFBC}") = "ProjectIntegrationTest", "ProjectTest\ProjectIntegrationTest.csproj", "{452A7EE6-2BE5-4558-8432-AFAC7E5C6D25}"
EndProject
Global
	GlobalSection(SolutionConfigurationPlatforms) = preSolution
		Debug|Any CPU = Debug|Any CPU
		Release|Any CPU = Release|Any CPU
	EndGlobalSection
	GlobalSection(ProjectConfigurationPlatforms) = postSolution
		{DDA70733-5A99-4601-9013-CAB3EF761167}.Debug|Any CPU.ActiveCfg = Debug|Any CPU
		{DDA70733-5A99-4601-9013-CAB3EF761167}.Debug|Any CPU.Build.0 = Debug|Any CPU
		{DDA70733-5A99-4601-9013-CAB3EF761167}.Release|Any CPU.ActiveCfg = Release|Any CPU
		{DDA70733-5A99-4601-9013-CAB3EF761167}.Release|Any CPU.Build.0 = Release|Any CPU
		{E069816D-EE1A-4C25-B131-522E86929126}.Debug|Any CPU.ActiveCfg = Debug|Any CPU
		{E069816D-EE1A-4C25-B131-522E86929126}.Debug|Any CPU.Build.0 = Debug|Any CPU
		{E069816D-EE1A-4C25-B131-522E86929126}.Release|Any CPU.ActiveCfg = Release|Any CPU
		{E069816D-EE1A-4C25-B131-522E86929126}.Release|Any CPU.Build.0 = Release|Any CPU
		{06D1300A-3896-4865-9B8A-00CF8E53F224}.Debug|Any CPU.ActiveCfg = Debug|Any CPU
		{06D1300A-3896-4865-9B8A-00CF8E53F224}.Debug|Any CPU.Build.0 = Debug|Any CPU
		{06D1300A-3896-4865-9B8A-00CF8E53F224}.Release|Any CPU.ActiveCfg = Release|Any CPU
		{06D1300A-3896-4865-9B8A-00CF8E53F224}.Release|Any CPU.Build.0 = Release|Any CPU
		{178DF646-8020-4E0D-AA15-0F746D635E58}.Debug|Any CPU.ActiveCfg = Debug|Any CPU
		{178DF646-8020-4E0D-AA15-0F746D635E58}.Debug|Any CPU.Build.0 = Debug|Any CPU
		{178DF646-8020-4E0D-AA15-0F746D635E58}.Release|Any CPU.ActiveCfg = Release|Any CPU
		{178DF646-8020-4E0D-AA15-0F746D635E58}.Release|Any CPU.Build.0 = Release|Any CPU
		{452A7EE6-2BE5-4558-8432-AFAC7E5C6D25}.Debug|Any CPU.ActiveCfg = Debug|Any CPU
		{452A7EE6-2BE5-4558-8432-AFAC7E5C6D25}.Debug|Any CPU.Build.0 = Debug|Any CPU
		{452A7EE6-2BE5-4558-8432-AFAC7E5C6D25}.Release|Any CPU.ActiveCfg = Release|Any CPU
		{452A7EE6-2BE5-4558-8432-AFAC7E5C6D25}.Release|Any CPU.Build.0 = Release|Any CPU
	EndGlobalSection
	GlobalSection(SolutionProperties) = preSolution
		HideSolutionNode = FALSE
	EndGlobalSection
	GlobalSection(NestedProjects) = preSolution
		{DDA70733-5A99-4601-9013-CAB3EF761167} = {3DC2293A-0A09-4A50-BA3C-DED137AAB523}
		{E069816D-EE1A-4C25-B131-522E86929126} = {C0C7DC66-6E78-4E18-8290-A2FCF89C0308}
		{06D1300A-3896-4865-9B8A-00CF8E53F224} = {9A417285-9C38-45DB-9C1D-7F06F0ABE1DE}
		{178DF646-8020-4E0D-AA15-0F746D635E58} = {37456DAC-98BC-4560-9738-AA9ED566B2AB}
		{452A7EE6-2BE5-4558-8432-AFAC7E5C6D25} = {9748FB43-0C9C-4327-B94B-494B16FC59B7}
	EndGlobalSection
EndGlobal
